
Microsoft Visual Studio Solution File, Format Version 12.00
# Visual Studio Version 16
VisualStudioVersion = 16.0.31402.337
MinimumVisualStudioVersion = 10.0.40219.1
Project("{888888A0-9F3D-457C-B088-3A5042F75D52}") = "PythonReadCredApp", "PythonReadCredApp.pyproj", "{64CDC873-8B3B-4B38-8699-9A994EB2BA0A}"
EndProject
Global
	GlobalSection(SolutionConfigurationPlatforms) = preSolution
		Debug|Any CPU = Debug|Any CPU
		Release|Any CPU = Release|Any CPU
	EndGlobalSection
	GlobalSection(ProjectConfigurationPlatforms) = postSolution
		{64CDC873-8B3B-4B38-8699-9A994EB2BA0A}.Debug|Any CPU.ActiveCfg = Debug|Any CPU
		{64CDC873-8B3B-4B38-8699-9A994EB2BA0A}.Release|Any CPU.ActiveCfg = Release|Any CPU
	EndGlobalSection
	GlobalSection(SolutionProperties) = preSolution
		HideSolutionNode = FALSE
	EndGlobalSection
	GlobalSection(ExtensibilityGlobals) = postSolution
		SolutionGuid = {FEEED49C-66C4-4876-968A-8BB96DB13DDA}
	EndGlobalSection
EndGlobal
